
Microsoft Visual Studio Solution File, Format Version 12.00
# Visual Studio Version 17
VisualStudioVersion = 17.8.34330.188
MinimumVisualStudioVersion = 10.0.40219.1
Project("{FAE04EC0-301F-11D3-BF4B-00C04F79EFBC}") = "AutoNuke", "AutoNuke\AutoNuke.csproj", "{F8177CCC-1FBE-4976-B6B4-FF025199FEBE}"
EndProject
Global
	GlobalSection(SolutionConfigurationPlatforms) = preSolution
		Debug|Any CPU = Debug|Any CPU
		Debug|x64 = Debug|x64
		Release|Any CPU = Release|Any CPU
		Release|x64 = Release|x64
	EndGlobalSection
	GlobalSection(ProjectConfigurationPlatforms) = postSolution
		{F8177CCC-1FBE-4976-B6B4-FF025199FEBE}.Debug|Any CPU.ActiveCfg = Debug|Any CPU
		{F8177CCC-1FBE-4976-B6B4-FF025199FEBE}.Debug|Any CPU.Build.0 = Debug|Any CPU
		{F8177CCC-1FBE-4976-B6B4-FF025199FEBE}.Debug|x64.ActiveCfg = Debug|x64
		{F8177CCC-1FBE-4976-B6B4-FF025199FEBE}.Debug|x64.Build.0 = Debug|x64
		{F8177CCC-1FBE-4976-B6B4-FF025199FEBE}.Release|Any CPU.ActiveCfg = Release|Any CPU
		{F8177CCC-1FBE-4976-B6B4-FF025199FEBE}.Release|Any CPU.Build.0 = Release|Any CPU
		{F8177CCC-1FBE-4976-B6B4-FF025199FEBE}.Release|x64.ActiveCfg = Release|x64
		{F8177CCC-1FBE-4976-B6B4-FF025199FEBE}.Release|x64.Build.0 = Release|x64
	EndGlobalSection
	GlobalSection(SolutionProperties) = preSolution
		HideSolutionNode = FALSE
	EndGlobalSection
	GlobalSection(ExtensibilityGlobals) = postSolution
		SolutionGuid = {8C76BA57-3D15-4F43-8245-9E958AB5848F}
	EndGlobalSection
EndGlobal
